
Microsoft Visual Studio Solution File, Format Version 12.00
# Visual Studio Version 17
VisualStudioVersion = 17.10.35013.160
MinimumVisualStudioVersion = 10.0.40219.1
Project("{FAE04EC0-301F-11D3-BF4B-00C04F79EFBC}") = "Encryptor", "Encryptor\Encryptor.csproj", "{BD6AF234-3130-4DB0-8E0D-F5894E8070A1}"
EndProject
Global
	GlobalSection(SolutionConfigurationPlatforms) = preSolution
		Debug|Any CPU = Debug|Any CPU
		Release|Any CPU = Release|Any CPU
	EndGlobalSection
	GlobalSection(ProjectConfigurationPlatforms) = postSolution
		{BD6AF234-3130-4DB0-8E0D-F5894E8070A1}.Debug|Any CPU.ActiveCfg = Debug|Any CPU
		{BD6AF234-3130-4DB0-8E0D-F5894E8070A1}.Debug|Any CPU.Build.0 = Debug|Any CPU
		{BD6AF234-3130-4DB0-8E0D-F5894E8070A1}.Release|Any CPU.ActiveCfg = Release|Any CPU
		{BD6AF234-3130-4DB0-8E0D-F5894E8070A1}.Release|Any CPU.Build.0 = Release|Any CPU
	EndGlobalSection
	GlobalSection(SolutionProperties) = preSolution
		HideSolutionNode = FALSE
	EndGlobalSection
	GlobalSection(ExtensibilityGlobals) = postSolution
		SolutionGuid = {D6543DA6-33D2-481A-8259-CCFE51D8B7FD}
	EndGlobalSection
EndGlobal
