
Microsoft Visual Studio Solution File, Format Version 12.00
# Visual Studio Version 17
VisualStudioVersion = 17.10.35013.160
MinimumVisualStudioVersion = 10.0.40219.1
Project("{FAE04EC0-301F-11D3-BF4B-00C04F79EFBC}") = "Decryptor", "Decryptor\Decryptor.csproj", "{976F97BA-9D92-4A34-98E3-EC41627C86B9}"
EndProject
Global
	GlobalSection(SolutionConfigurationPlatforms) = preSolution
		Debug|Any CPU = Debug|Any CPU
		Release|Any CPU = Release|Any CPU
	EndGlobalSection
	GlobalSection(ProjectConfigurationPlatforms) = postSolution
		{976F97BA-9D92-4A34-98E3-EC41627C86B9}.Debug|Any CPU.ActiveCfg = Debug|Any CPU
		{976F97BA-9D92-4A34-98E3-EC41627C86B9}.Debug|Any CPU.Build.0 = Debug|Any CPU
		{976F97BA-9D92-4A34-98E3-EC41627C86B9}.Release|Any CPU.ActiveCfg = Release|Any CPU
		{976F97BA-9D92-4A34-98E3-EC41627C86B9}.Release|Any CPU.Build.0 = Release|Any CPU
	EndGlobalSection
	GlobalSection(SolutionProperties) = preSolution
		HideSolutionNode = FALSE
	EndGlobalSection
	GlobalSection(ExtensibilityGlobals) = postSolution
		SolutionGuid = {84D8A71E-7B7A-4983-A619-D8BF323A2605}
	EndGlobalSection
EndGlobal
